// !$*UTF8*$!
{
	archiveVersion = 1;
	classes = {
	};
	objectVersion = 46;
	objects = {

/* Begin PBXBuildFile section */
		8BAB58241BEC9E2200E91CC1 /* pokemon.csv in Resources */ = {isa = PBXBuildFile; fileRef = 8BAB58231BEC9E2200E91CC1 /* pokemon.csv */; };
		8BAB58271BEC9FE100E91CC1 /* Pokemon.swift in Sources */ = {isa = PBXBuildFile; fileRef = 8BAB58261BEC9FE100E91CC1 /* Pokemon.swift */; };
		8BAB582A1BECA9FB00E91CC1 /* PokemonCollectionViewCell.swift in Sources */ = {isa = PBXBuildFile; fileRef = 8BAB58291BECA9FB00E91CC1 /* PokemonCollectionViewCell.swift */; };
		8BAB582C1BECC30C00E91CC1 /* csv.swift in Sources */ = {isa = PBXBuildFile; fileRef = 8BAB582B1BECC30C00E91CC1 /* csv.swift */; };
		8BB2899F1BECD37B00D3186C /* Info.plist in Resources */ = {isa = PBXBuildFile; fileRef = 8BB2899E1BECD37B00D3186C /* Info.plist */; };
		8BB289A11BECE01A00D3186C /* music.mp3 in Resources */ = {isa = PBXBuildFile; fileRef = 8BB289A01BECE01A00D3186C /* music.mp3 */; };
		8BC476201BEC9B2300049B41 /* AppDelegate.swift in Sources */ = {isa = PBXBuildFile; fileRef = 8BC4761F1BEC9B2300049B41 /* AppDelegate.swift */; };
		8BC476221BEC9B2300049B41 /* ViewController.swift in Sources */ = {isa = PBXBuildFile; fileRef = 8BC476211BEC9B2300049B41 /* ViewController.swift */; };
		8BC476251BEC9B2300049B41 /* Main.storyboard in Resources */ = {isa = PBXBuildFile; fileRef = 8BC476231BEC9B2300049B41 /* Main.storyboard */; };
		8BC476271BEC9B2300049B41 /* Assets.xcassets in Resources */ = {isa = PBXBuildFile; fileRef = 8BC476261BEC9B2300049B41 /* Assets.xcassets */; };
		8BC4762A1BEC9B2300049B41 /* LaunchScreen.storyboard in Resources */ = {isa = PBXBuildFile; fileRef = 8BC476281BEC9B2300049B41 /* LaunchScreen.storyboard */; };
/* End PBXBuildFile section */

/* Begin PBXFileReference section */
		8BAB58231BEC9E2200E91CC1 /* pokemon.csv */ = {isa = PBXFileReference; fileEncoding = 4; lastKnownFileType = text; path = pokemon.csv; sourceTree = "<group>"; };
		8BAB58261BEC9FE100E91CC1 /* Pokemon.swift */ = {isa = PBXFileReference; fileEncoding = 4; lastKnownFileType = sourcecode.swift; path = Pokemon.swift; sourceTree = "<group>"; };
		8BAB58291BECA9FB00E91CC1 /* PokemonCollectionViewCell.swift */ = {isa = PBXFileReference; fileEncoding = 4; lastKnownFileType = sourcecode.swift; path = PokemonCollectionViewCell.swift; sourceTree = "<group>"; };
		8BAB582B1BECC30C00E91CC1 /* csv.swift */ = {isa = PBXFileReference; fileEncoding = 4; lastKnownFileType = sourcecode.swift; name = csv.swift; path = ../csv.swift; sourceTree = "<group>"; };
		8BB2899E1BECD37B00D3186C /* Info.plist */ = {isa = PBXFileReference; fileEncoding = 4; lastKnownFileType = text.plist.xml; path = Info.plist; sourceTree = "<group>"; };
		8BB289A01BECE01A00D3186C /* music.mp3 */ = {isa = PBXFileReference; lastKnownFileType = audio.mp3; path = music.mp3; sourceTree = "<group>"; };
		8BC4761C1BEC9B2300049B41 /* Pokemon.app */ = {isa = PBXFileReference; explicitFileType = wrapper.application; includeInIndex = 0; path = Pokemon.app; sourceTree = BUILT_PRODUCTS_DIR; };
		8BC4761F1BEC9B2300049B41 /* AppDelegate.swift */ = {isa = PBXFileReference; lastKnownFileType = sourcecode.swift; path = AppDelegate.swift; sourceTree = "<group>"; };
		8BC476211BEC9B2300049B41 /* ViewController.swift */ = {isa = PBXFileReference; lastKnownFileType = sourcecode.swift; path = ViewController.swift; sourceTree = "<group>"; };
		8BC476241BEC9B2300049B41 /* Base */ = {isa = PBXFileReference; lastKnownFileType = file.storyboard; name = Base; path = Base.lproj/Main.storyboard; sourceTree = "<group>"; };
		8BC476261BEC9B2300049B41 /* Assets.xcassets */ = {isa = PBXFileReference; lastKnownFileType = folder.assetcatalog; path = Assets.xcassets; sourceTree = "<group>"; };
		8BC476291BEC9B2300049B41 /* Base */ = {isa = PBXFileReference; lastKnownFileType = file.storyboard; name = Base; path = Base.lproj/LaunchScreen.storyboard; sourceTree = "<group>"; };
/* End PBXFileReference section */

/* Begin PBXFrameworksBuildPhase section */
		8BC476191BEC9B2300049B41 /* Frameworks */ = {
			isa = PBXFrameworksBuildPhase;
			buildActionMask = 2147483647;
			files = (
			);
			runOnlyForDeploymentPostprocessing = 0;
		};
/* End PBXFrameworksBuildPhase section */

/* Begin PBXGroup section */
		8BAB58251BEC9FCF00E91CC1 /* Model */ = {
			isa = PBXGroup;
			children = (
				8BAB58261BEC9FE100E91CC1 /* Pokemon.swift */,
			);
			name = Model;
			sourceTree = "<group>";
		};
		8BAB58281BECA9C200E91CC1 /* View */ = {
			isa = PBXGroup;
			children = (
				8BAB58291BECA9FB00E91CC1 /* PokemonCollectionViewCell.swift */,
			);
			name = View;
			sourceTree = "<group>";
		};
		8BAB582D1BECC31500E91CC1 /* Util */ = {
			isa = PBXGroup;
			children = (
				8BAB582B1BECC30C00E91CC1 /* csv.swift */,
			);
			name = Util;
			sourceTree = "<group>";
		};
		8BAB582E1BECC34100E91CC1 /* Controller */ = {
			isa = PBXGroup;
			children = (
				8BC476211BEC9B2300049B41 /* ViewController.swift */,
			);
			name = Controller;
			sourceTree = "<group>";
		};
		8BAB582F1BECC34C00E91CC1 /* Resources */ = {
			isa = PBXGroup;
			children = (
				8BAB58231BEC9E2200E91CC1 /* pokemon.csv */,
			);
			name = Resources;
			sourceTree = "<group>";
		};
		8BC476131BEC9B2300049B41 = {
			isa = PBXGroup;
			children = (
				8BC4761E1BEC9B2300049B41 /* Pokemon */,
				8BC4761D1BEC9B2300049B41 /* Products */,
			);
			sourceTree = "<group>";
		};
		8BC4761D1BEC9B2300049B41 /* Products */ = {
			isa = PBXGroup;
			children = (
				8BC4761C1BEC9B2300049B41 /* Pokemon.app */,
			);
			name = Products;
			sourceTree = "<group>";
		};
		8BC4761E1BEC9B2300049B41 /* Pokemon */ = {
			isa = PBXGroup;
			children = (
				8BAB58251BEC9FCF00E91CC1 /* Model */,
				8BAB58281BECA9C200E91CC1 /* View */,
				8BAB582E1BECC34100E91CC1 /* Controller */,
				8BAB582D1BECC31500E91CC1 /* Util */,
				8BAB582F1BECC34C00E91CC1 /* Resources */,
				8BC4761F1BEC9B2300049B41 /* AppDelegate.swift */,
				8BC476231BEC9B2300049B41 /* Main.storyboard */,
				8BC476261BEC9B2300049B41 /* Assets.xcassets */,
				8BC476281BEC9B2300049B41 /* LaunchScreen.storyboard */,
				8BB2899E1BECD37B00D3186C /* Info.plist */,
				8BB289A01BECE01A00D3186C /* music.mp3 */,
			);
			path = Pokemon;
			sourceTree = "<group>";
		};
/* End PBXGroup section */

/* Begin PBXNativeTarget section */
		8BC4761B1BEC9B2300049B41 /* Pokemon */ = {
			isa = PBXNativeTarget;
			buildConfigurationList = 8BC4762E1BEC9B2300049B41 /* Build configuration list for PBXNativeTarget "Pokemon" */;
			buildPhases = (
				8BC476181BEC9B2300049B41 /* Sources */,
				8BC476191BEC9B2300049B41 /* Frameworks */,
				8BC4761A1BEC9B2300049B41 /* Resources */,
			);
			buildRules = (
			);
			dependencies = (
			);
			name = Pokemon;
			productName = Pokemon;
			productReference = 8BC4761C1BEC9B2300049B41 /* Pokemon.app */;
			productType = "com.apple.product-type.application";
		};
/* End PBXNativeTarget section */

/* Begin PBXProject section */
		8BC476141BEC9B2300049B41 /* Project object */ = {
			isa = PBXProject;
			attributes = {
				LastSwiftUpdateCheck = 0710;
				LastUpgradeCheck = 0710;
				ORGANIZATIONNAME = "Murat Cakmak";
				TargetAttributes = {
					8BC4761B1BEC9B2300049B41 = {
						CreatedOnToolsVersion = 7.1;
					};
				};
			};
			buildConfigurationList = 8BC476171BEC9B2300049B41 /* Build configuration list for PBXProject "Pokemon" */;
			compatibilityVersion = "Xcode 3.2";
			developmentRegion = English;
			hasScannedForEncodings = 0;
			knownRegions = (
				en,
				Base,
			);
			mainGroup = 8BC476131BEC9B2300049B41;
			productRefGroup = 8BC4761D1BEC9B2300049B41 /* Products */;
			projectDirPath = "";
			projectRoot = "";
			targets = (
				8BC4761B1BEC9B2300049B41 /* Pokemon */,
			);
		};
/* End PBXProject section */

/* Begin PBXResourcesBuildPhase section */
		8BC4761A1BEC9B2300049B41 /* Resources */ = {
			isa = PBXResourcesBuildPhase;
			buildActionMask = 2147483647;
			files = (
				8BC4762A1BEC9B2300049B41 /* LaunchScreen.storyboard in Resources */,
				8BC476271BEC9B2300049B41 /* Assets.xcassets in Resources */,
				8BB289A11BECE01A00D3186C /* music.mp3 in Resources */,
				8BAB58241BEC9E2200E91CC1 /* pokemon.csv in Resources */,
				8BB2899F1BECD37B00D3186C /* Info.plist in Resources */,
				8BC476251BEC9B2300049B41 /* Main.storyboard in Resources */,
			);
			runOnlyForDeploymentPostprocessing = 0;
		};
/* End PBXResourcesBuildPhase section */

/* Begin PBXSourcesBuildPhase section */
		8BC476181BEC9B2300049B41 /* Sources */ = {
			isa = PBXSourcesBuildPhase;
			buildActionMask = 2147483647;
			files = (
				8BC476221BEC9B2300049B41 /* ViewController.swift in Sources */,
				8BC476201BEC9B2300049B41 /* AppDelegate.swift in Sources */,
				8BAB582A1BECA9FB00E91CC1 /* PokemonCollectionViewCell.swift in Sources */,
				8BAB58271BEC9FE100E91CC1 /* Pokemon.swift in Sources */,
				8BAB582C1BECC30C00E91CC1 /* csv.swift in Sources */,
			);
			runOnlyForDeploymentPostprocessing = 0;
		};
/* End PBXSourcesBuildPhase section */

/* Begin PBXVariantGroup section */
		8BC476231BEC9B2300049B41 /* Main.storyboard */ = {
			isa = PBXVariantGroup;
			children = (
				8BC476241BEC9B2300049B41 /* Base */,
			);
			name = Main.storyboard;
			sourceTree = "<group>";
		};
		8BC476281BEC9B2300049B41 /* LaunchScreen.storyboard */ = {
			isa = PBXVariantGroup;
			children = (
				8BC476291BEC9B2300049B41 /* Base */,
			);
			name = LaunchScreen.storyboard;
			sourceTree = "<group>";
		};
/* End PBXVariantGroup section */

/* Begin XCBuildConfiguration section */
		8BC4762C1BEC9B2300049B41 /* Debug */ = {
			isa = XCBuildConfiguration;
			buildSettings = {
				ALWAYS_SEARCH_USER_PATHS = NO;
				CLANG_CXX_LANGUAGE_STANDARD = "gnu++0x";
				CLANG_CXX_LIBRARY = "libc++";
				CLANG_ENABLE_MODULES = YES;
				CLANG_ENABLE_OBJC_ARC = YES;
				CLANG_WARN_BOOL_CONVERSION = YES;
				CLANG_WARN_CONSTANT_CONVERSION = YES;
				CLANG_WARN_DIRECT_OBJC_ISA_USAGE = YES_ERROR;
				CLANG_WARN_EMPTY_BODY = YES;
				CLANG_WARN_ENUM_CONVERSION = YES;
				CLANG_WARN_INT_CONVERSION = YES;
				CLANG_WARN_OBJC_ROOT_CLASS = YES_ERROR;
				CLANG_WARN_UNREACHABLE_CODE = YES;
				CLANG_WARN__DUPLICATE_METHOD_MATCH = YES;
				"CODE_SIGN_IDENTITY[sdk=iphoneos*]" = "iPhone Developer";
				COPY_PHASE_STRIP = NO;
				DEBUG_INFORMATION_FORMAT = dwarf;
				ENABLE_STRICT_OBJC_MSGSEND = YES;
				ENABLE_TESTABILITY = YES;
				GCC_C_LANGUAGE_STANDARD = gnu99;
				GCC_DYNAMIC_NO_PIC = NO;
				GCC_NO_COMMON_BLOCKS = YES;
				GCC_OPTIMIZATION_LEVEL = 0;
				GCC_PREPROCESSOR_DEFINITIONS = (
					"DEBUG=1",
					"$(inherited)",
				);
				GCC_WARN_64_TO_32_BIT_CONVERSION = YES;
				GCC_WARN_ABOUT_RETURN_TYPE = YES_ERROR;
				GCC_WARN_UNDECLARED_SELECTOR = YES;
				GCC_WARN_UNINITIALIZED_AUTOS = YES_AGGRESSIVE;
				GCC_WARN_UNUSED_FUNCTION = YES;
				GCC_WARN_UNUSED_VARIABLE = YES;
				IPHONEOS_DEPLOYMENT_TARGET = 9.1;
				MTL_ENABLE_DEBUG_INFO = YES;
				ONLY_ACTIVE_ARCH = YES;
				SDKROOT = iphoneos;
				SWIFT_OPTIMIZATION_LEVEL = "-Onone";
			};
			name = Debug;
		};
		8BC4762D1BEC9B2300049B41 /* Release */ = {
			isa = XCBuildConfiguration;
			buildSettings = {
				ALWAYS_SEARCH_USER_PATHS = NO;
				CLANG_CXX_LANGUAGE_STANDARD = "gnu++0x";
				CLANG_CXX_LIBRARY = "libc++";
				CLANG_ENABLE_MODULES = YES;
				CLANG_ENABLE_OBJC_ARC = YES;
				CLANG_WARN_BOOL_CONVERSION = YES;
				CLANG_WARN_CONSTANT_CONVERSION = YES;
				CLANG_WARN_DIRECT_OBJC_ISA_USAGE = YES_ERROR;
				CLANG_WARN_EMPTY_BODY = YES;
				CLANG_WARN_ENUM_CONVERSION = YES;
				CLANG_WARN_INT_CONVERSION = YES;
				CLANG_WARN_OBJC_ROOT_CLASS = YES_ERROR;
				CLANG_WARN_UNREACHABLE_CODE = YES;
				CLANG_WARN__DUPLICATE_METHOD_MATCH = YES;
				"CODE_SIGN_IDENTITY[sdk=iphoneos*]" = "iPhone Developer";
				COPY_PHASE_STRIP = NO;
				DEBUG_INFORMATION_FORMAT = "dwarf-with-dsym";
				ENABLE_NS_ASSERTIONS = NO;
				ENABLE_STRICT_OBJC_MSGSEND = YES;
				GCC_C_LANGUAGE_STANDARD = gnu99;
				GCC_NO_COMMON_BLOCKS = YES;
				GCC_WARN_64_TO_32_BIT_CONVERSION = YES;
				GCC_WARN_ABOUT_RETURN_TYPE = YES_ERROR;
				GCC_WARN_UNDECLARED_SELECTOR = YES;
				GCC_WARN_UNINITIALIZED_AUTOS = YES_AGGRESSIVE;
				GCC_WARN_UNUSED_FUNCTION = YES;
				GCC_WARN_UNUSED_VARIABLE = YES;
				IPHONEOS_DEPLOYMENT_TARGET = 9.1;
				MTL_ENABLE_DEBUG_INFO = NO;
				SDKROOT = iphoneos;
				VALIDATE_PRODUCT = YES;
			};
			name = Release;
		};
		8BC4762F1BEC9B2300049B41 /* Debug */ = {
			isa = XCBuildConfiguration;
			buildSettings = {
				ASSETCATALOG_COMPILER_APPICON_NAME = AppIcon;
				INFOPLIST_FILE = Pokemon/Info.plist;
				LD_RUNPATH_SEARCH_PATHS = "$(inherited) @executable_path/Frameworks";
				PRODUCT_BUNDLE_IDENTIFIER = co.muratcakmak.Pokemon;
				PRODUCT_NAME = "$(TARGET_NAME)";
				TARGETED_DEVICE_FAMILY = "1,2";
			};
			name = Debug;
		};
		8BC476301BEC9B2300049B41 /* Release */ = {
			isa = XCBuildConfiguration;
			buildSettings = {
				ASSETCATALOG_COMPILER_APPICON_NAME = AppIcon;
				INFOPLIST_FILE = Pokemon/Info.plist;
				LD_RUNPATH_SEARCH_PATHS = "$(inherited) @executable_path/Frameworks";
				PRODUCT_BUNDLE_IDENTIFIER = co.muratcakmak.Pokemon;
				PRODUCT_NAME = "$(TARGET_NAME)";
				TARGETED_DEVICE_FAMILY = "1,2";
			};
			name = Release;
		};
/* End XCBuildConfiguration section */

/* Begin XCConfigurationList section */
		8BC476171BEC9B2300049B41 /* Build configuration list for PBXProject "Pokemon" */ = {
			isa = XCConfigurationList;
			buildConfigurations = (
				8BC4762C1BEC9B2300049B41 /* Debug */,
				8BC4762D1BEC9B2300049B41 /* Release */,
			);
			defaultConfigurationIsVisible = 0;
			defaultConfigurationName = Release;
		};
		8BC4762E1BEC9B2300049B41 /* Build configuration list for PBXNativeTarget "Pokemon" */ = {
			isa = XCConfigurationList;
			buildConfigurations = (
				8BC4762F1BEC9B2300049B41 /* Debug */,
				8BC476301BEC9B2300049B41 /* Release */,
			);
			defaultConfigurationIsVisible = 0;
			defaultConfigurationName = Release;
		};
/* End XCConfigurationList section */
	};
	rootObject = 8BC476141BEC9B2300049B41 /* Project object */;
}
